
Microsoft Visual Studio Solution File, Format Version 12.00
# Visual Studio Version 17
VisualStudioVersion = 17.10.35013.160
MinimumVisualStudioVersion = 10.0.40219.1
Project("{FAE04EC0-301F-11D3-BF4B-00C04F79EFBC}") = "Instant Community Center Cheat", "Instant Community Center Cheat.csproj", "{12201BA5-63F3-45A1-B21C-8E86486A70C7}"
EndProject
Global
	GlobalSection(SolutionConfigurationPlatforms) = preSolution
		Debug|Any CPU = Debug|Any CPU
		Release|Any CPU = Release|Any CPU
	EndGlobalSection
	GlobalSection(ProjectConfigurationPlatforms) = postSolution
		{12201BA5-63F3-45A1-B21C-8E86486A70C7}.Debug|Any CPU.ActiveCfg = Debug|Any CPU
		{12201BA5-63F3-45A1-B21C-8E86486A70C7}.Debug|Any CPU.Build.0 = Debug|Any CPU
		{12201BA5-63F3-45A1-B21C-8E86486A70C7}.Release|Any CPU.ActiveCfg = Release|Any CPU
		{12201BA5-63F3-45A1-B21C-8E86486A70C7}.Release|Any CPU.Build.0 = Release|Any CPU
	EndGlobalSection
	GlobalSection(SolutionProperties) = preSolution
		HideSolutionNode = FALSE
	EndGlobalSection
	GlobalSection(ExtensibilityGlobals) = postSolution
		SolutionGuid = {2D570BBB-D952-462D-B809-75E55FFBB8CD}
	EndGlobalSection
EndGlobal
